// !$*UTF8*$!
{
	archiveVersion = 1;
	classes = {
	};
	objectVersion = 46;
	objects = {

/* Begin PBXBuildFile section */
		1500948F1D7E947400B10D0D /* Utils.swift in Sources */ = {isa = PBXBuildFile; fileRef = 1500948E1D7E947400B10D0D /* Utils.swift */; };
		150094931D7E99E700B10D0D /* FileHandler.swift in Sources */ = {isa = PBXBuildFile; fileRef = 150094921D7E99E700B10D0D /* FileHandler.swift */; };
		1506C26A1D6595F900E8F87B /* NewItemViewController.xib in Resources */ = {isa = PBXBuildFile; fileRef = 1506C2681D6595F900E8F87B /* NewItemViewController.xib */; };
		1506C26C1D65963200E8F87B /* NewItemViewController.swift in Sources */ = {isa = PBXBuildFile; fileRef = 1506C26B1D65963200E8F87B /* NewItemViewController.swift */; };
		153ED6FD1D6D080300C4C0CB /* Alert.swift in Sources */ = {isa = PBXBuildFile; fileRef = 153ED6FC1D6D080300C4C0CB /* Alert.swift */; };
		156F7C111D62E2C800E15C76 /* Meal.swift in Sources */ = {isa = PBXBuildFile; fileRef = 156F7C101D62E2C800E15C76 /* Meal.swift */; };
		156F7C131D62E39600E15C76 /* Item.swift in Sources */ = {isa = PBXBuildFile; fileRef = 156F7C121D62E39600E15C76 /* Item.swift */; };
		156F7C151D62E4F600E15C76 /* ViewController.swift in Sources */ = {isa = PBXBuildFile; fileRef = 156F7C141D62E4F600E15C76 /* ViewController.swift */; };
		15707E2E1D6399440060EA80 /* MealsTableViewController.swift in Sources */ = {isa = PBXBuildFile; fileRef = 15707E2D1D6399440060EA80 /* MealsTableViewController.swift */; };
		157B57461D9A26ED005E88D1 /* Dao.swift in Sources */ = {isa = PBXBuildFile; fileRef = 157B57451D9A26ED005E88D1 /* Dao.swift */; };
		15C616CB1D61A4A5008E8778 /* AppDelegate.swift in Sources */ = {isa = PBXBuildFile; fileRef = 15C616CA1D61A4A5008E8778 /* AppDelegate.swift */; };
		15C616D01D61A4A5008E8778 /* Main.storyboard in Resources */ = {isa = PBXBuildFile; fileRef = 15C616CE1D61A4A5008E8778 /* Main.storyboard */; };
		15C616D21D61A4A5008E8778 /* Assets.xcassets in Resources */ = {isa = PBXBuildFile; fileRef = 15C616D11D61A4A5008E8778 /* Assets.xcassets */; };
		15C616D51D61A4A5008E8778 /* LaunchScreen.storyboard in Resources */ = {isa = PBXBuildFile; fileRef = 15C616D31D61A4A5008E8778 /* LaunchScreen.storyboard */; };
		15C616E01D61A4A5008E8778 /* strogonoffTests.swift in Sources */ = {isa = PBXBuildFile; fileRef = 15C616DF1D61A4A5008E8778 /* strogonoffTests.swift */; };
		15C616EB1D61A4A5008E8778 /* strogonoffUITests.swift in Sources */ = {isa = PBXBuildFile; fileRef = 15C616EA1D61A4A5008E8778 /* strogonoffUITests.swift */; };
		15DDEBB91D6EB17200B91C6C /* RemoveMealController.swift in Sources */ = {isa = PBXBuildFile; fileRef = 15DDEBB81D6EB17200B91C6C /* RemoveMealController.swift */; };
/* End PBXBuildFile section */

/* Begin PBXContainerItemProxy section */
		15C616DC1D61A4A5008E8778 /* PBXContainerItemProxy */ = {
			isa = PBXContainerItemProxy;
			containerPortal = 15C616BF1D61A4A5008E8778 /* Project object */;
			proxyType = 1;
			remoteGlobalIDString = 15C616C61D61A4A5008E8778;
			remoteInfo = strogonoff;
		};
		15C616E71D61A4A5008E8778 /* PBXContainerItemProxy */ = {
			isa = PBXContainerItemProxy;
			containerPortal = 15C616BF1D61A4A5008E8778 /* Project object */;
			proxyType = 1;
			remoteGlobalIDString = 15C616C61D61A4A5008E8778;
			remoteInfo = strogonoff;
		};
/* End PBXContainerItemProxy section */

/* Begin PBXFileReference section */
		1500948E1D7E947400B10D0D /* Utils.swift */ = {isa = PBXFileReference; fileEncoding = 4; lastKnownFileType = sourcecode.swift; path = Utils.swift; sourceTree = "<group>"; };
		150094921D7E99E700B10D0D /* FileHandler.swift */ = {isa = PBXFileReference; fileEncoding = 4; lastKnownFileType = sourcecode.swift; path = FileHandler.swift; sourceTree = "<group>"; };
		1506C2681D6595F900E8F87B /* NewItemViewController.xib */ = {isa = PBXFileReference; fileEncoding = 4; lastKnownFileType = file.xib; path = NewItemViewController.xib; sourceTree = "<group>"; };
		1506C26B1D65963200E8F87B /* NewItemViewController.swift */ = {isa = PBXFileReference; fileEncoding = 4; lastKnownFileType = sourcecode.swift; path = NewItemViewController.swift; sourceTree = "<group>"; };
		153ED6FC1D6D080300C4C0CB /* Alert.swift */ = {isa = PBXFileReference; fileEncoding = 4; lastKnownFileType = sourcecode.swift; path = Alert.swift; sourceTree = "<group>"; };
		156F7C0C1D62371700E15C76 /* MyPlayground.playground */ = {isa = PBXFileReference; lastKnownFileType = file.playground; path = MyPlayground.playground; sourceTree = "<group>"; };
		156F7C101D62E2C800E15C76 /* Meal.swift */ = {isa = PBXFileReference; fileEncoding = 4; lastKnownFileType = sourcecode.swift; path = Meal.swift; sourceTree = "<group>"; };
		156F7C121D62E39600E15C76 /* Item.swift */ = {isa = PBXFileReference; fileEncoding = 4; lastKnownFileType = sourcecode.swift; path = Item.swift; sourceTree = "<group>"; };
		156F7C141D62E4F600E15C76 /* ViewController.swift */ = {isa = PBXFileReference; fileEncoding = 4; lastKnownFileType = sourcecode.swift; path = ViewController.swift; sourceTree = "<group>"; };
		15707E2D1D6399440060EA80 /* MealsTableViewController.swift */ = {isa = PBXFileReference; fileEncoding = 4; lastKnownFileType = sourcecode.swift; path = MealsTableViewController.swift; sourceTree = "<group>"; };
		157B57451D9A26ED005E88D1 /* Dao.swift */ = {isa = PBXFileReference; fileEncoding = 4; lastKnownFileType = sourcecode.swift; path = Dao.swift; sourceTree = "<group>"; };
		15C616C71D61A4A5008E8778 /* strogonoff.app */ = {isa = PBXFileReference; explicitFileType = wrapper.application; includeInIndex = 0; path = strogonoff.app; sourceTree = BUILT_PRODUCTS_DIR; };
		15C616CA1D61A4A5008E8778 /* AppDelegate.swift */ = {isa = PBXFileReference; lastKnownFileType = sourcecode.swift; path = AppDelegate.swift; sourceTree = "<group>"; };
		15C616CF1D61A4A5008E8778 /* Base */ = {isa = PBXFileReference; lastKnownFileType = file.storyboard; name = Base; path = Base.lproj/Main.storyboard; sourceTree = "<group>"; };
		15C616D11D61A4A5008E8778 /* Assets.xcassets */ = {isa = PBXFileReference; lastKnownFileType = folder.assetcatalog; path = Assets.xcassets; sourceTree = "<group>"; };
		15C616D41D61A4A5008E8778 /* Base */ = {isa = PBXFileReference; lastKnownFileType = file.storyboard; name = Base; path = Base.lproj/LaunchScreen.storyboard; sourceTree = "<group>"; };
		15C616D61D61A4A5008E8778 /* Info.plist */ = {isa = PBXFileReference; lastKnownFileType = text.plist.xml; path = Info.plist; sourceTree = "<group>"; };
		15C616DB1D61A4A5008E8778 /* strogonoffTests.xctest */ = {isa = PBXFileReference; explicitFileType = wrapper.cfbundle; includeInIndex = 0; path = strogonoffTests.xctest; sourceTree = BUILT_PRODUCTS_DIR; };
		15C616DF1D61A4A5008E8778 /* strogonoffTests.swift */ = {isa = PBXFileReference; lastKnownFileType = sourcecode.swift; path = strogonoffTests.swift; sourceTree = "<group>"; };
		15C616E11D61A4A5008E8778 /* Info.plist */ = {isa = PBXFileReference; lastKnownFileType = text.plist.xml; path = Info.plist; sourceTree = "<group>"; };
		15C616E61D61A4A5008E8778 /* strogonoffUITests.xctest */ = {isa = PBXFileReference; explicitFileType = wrapper.cfbundle; includeInIndex = 0; path = strogonoffUITests.xctest; sourceTree = BUILT_PRODUCTS_DIR; };
		15C616EA1D61A4A5008E8778 /* strogonoffUITests.swift */ = {isa = PBXFileReference; lastKnownFileType = sourcecode.swift; path = strogonoffUITests.swift; sourceTree = "<group>"; };
		15C616EC1D61A4A5008E8778 /* Info.plist */ = {isa = PBXFileReference; lastKnownFileType = text.plist.xml; path = Info.plist; sourceTree = "<group>"; };
		15DDEBB81D6EB17200B91C6C /* RemoveMealController.swift */ = {isa = PBXFileReference; fileEncoding = 4; lastKnownFileType = sourcecode.swift; path = RemoveMealController.swift; sourceTree = "<group>"; };
/* End PBXFileReference section */

/* Begin PBXFrameworksBuildPhase section */
		15C616C41D61A4A5008E8778 /* Frameworks */ = {
			isa = PBXFrameworksBuildPhase;
			buildActionMask = 2147483647;
			files = (
			);
			runOnlyForDeploymentPostprocessing = 0;
		};
		15C616D81D61A4A5008E8778 /* Frameworks */ = {
			isa = PBXFrameworksBuildPhase;
			buildActionMask = 2147483647;
			files = (
			);
			runOnlyForDeploymentPostprocessing = 0;
		};
		15C616E31D61A4A5008E8778 /* Frameworks */ = {
			isa = PBXFrameworksBuildPhase;
			buildActionMask = 2147483647;
			files = (
			);
			runOnlyForDeploymentPostprocessing = 0;
		};
/* End PBXFrameworksBuildPhase section */

/* Begin PBXGroup section */
		1500948D1D7E947400B10D0D /* util */ = {
			isa = PBXGroup;
			children = (
				150094921D7E99E700B10D0D /* FileHandler.swift */,
				1500948E1D7E947400B10D0D /* Utils.swift */,
				157B57451D9A26ED005E88D1 /* Dao.swift */,
			);
			path = util;
			sourceTree = "<group>";
		};
		156F7C0D1D62E29E00E15C76 /* models */ = {
			isa = PBXGroup;
			children = (
				156F7C121D62E39600E15C76 /* Item.swift */,
				156F7C101D62E2C800E15C76 /* Meal.swift */,
			);
			path = models;
			sourceTree = "<group>";
		};
		156F7C0E1D62E29E00E15C76 /* viewcontrollers */ = {
			isa = PBXGroup;
			children = (
				1506C26B1D65963200E8F87B /* NewItemViewController.swift */,
				156F7C141D62E4F600E15C76 /* ViewController.swift */,
				15707E2D1D6399440060EA80 /* MealsTableViewController.swift */,
			);
			path = viewcontrollers;
			sourceTree = "<group>";
		};
		156F7C0F1D62E29E00E15C76 /* views */ = {
			isa = PBXGroup;
			children = (
				15C616CE1D61A4A5008E8778 /* Main.storyboard */,
				1506C2681D6595F900E8F87B /* NewItemViewController.xib */,
				153ED6FC1D6D080300C4C0CB /* Alert.swift */,
				15DDEBB81D6EB17200B91C6C /* RemoveMealController.swift */,
			);
			path = views;
			sourceTree = "<group>";
		};
		15C616BE1D61A4A5008E8778 = {
			isa = PBXGroup;
			children = (
				15C616C91D61A4A5008E8778 /* strogonoff */,
				15C616DE1D61A4A5008E8778 /* strogonoffTests */,
				15C616E91D61A4A5008E8778 /* strogonoffUITests */,
				15C616C81D61A4A5008E8778 /* Products */,
			);
			sourceTree = "<group>";
		};
		15C616C81D61A4A5008E8778 /* Products */ = {
			isa = PBXGroup;
			children = (
				15C616C71D61A4A5008E8778 /* strogonoff.app */,
				15C616DB1D61A4A5008E8778 /* strogonoffTests.xctest */,
				15C616E61D61A4A5008E8778 /* strogonoffUITests.xctest */,
			);
			name = Products;
			sourceTree = "<group>";
		};
		15C616C91D61A4A5008E8778 /* strogonoff */ = {
			isa = PBXGroup;
			children = (
				1500948D1D7E947400B10D0D /* util */,
				156F7C0D1D62E29E00E15C76 /* models */,
				156F7C0E1D62E29E00E15C76 /* viewcontrollers */,
				156F7C0F1D62E29E00E15C76 /* views */,
				156F7C0C1D62371700E15C76 /* MyPlayground.playground */,
				15C616CA1D61A4A5008E8778 /* AppDelegate.swift */,
				15C616D11D61A4A5008E8778 /* Assets.xcassets */,
				15C616D31D61A4A5008E8778 /* LaunchScreen.storyboard */,
				15C616D61D61A4A5008E8778 /* Info.plist */,
			);
			path = strogonoff;
			sourceTree = "<group>";
		};
		15C616DE1D61A4A5008E8778 /* strogonoffTests */ = {
			isa = PBXGroup;
			children = (
				15C616DF1D61A4A5008E8778 /* strogonoffTests.swift */,
				15C616E11D61A4A5008E8778 /* Info.plist */,
			);
			path = strogonoffTests;
			sourceTree = "<group>";
		};
		15C616E91D61A4A5008E8778 /* strogonoffUITests */ = {
			isa = PBXGroup;
			children = (
				15C616EA1D61A4A5008E8778 /* strogonoffUITests.swift */,
				15C616EC1D61A4A5008E8778 /* Info.plist */,
			);
			path = strogonoffUITests;
			sourceTree = "<group>";
		};
/* End PBXGroup section */

/* Begin PBXNativeTarget section */
		15C616C61D61A4A5008E8778 /* strogonoff */ = {
			isa = PBXNativeTarget;
			buildConfigurationList = 15C616EF1D61A4A5008E8778 /* Build configuration list for PBXNativeTarget "strogonoff" */;
			buildPhases = (
				15C616C31D61A4A5008E8778 /* Sources */,
				15C616C41D61A4A5008E8778 /* Frameworks */,
				15C616C51D61A4A5008E8778 /* Resources */,
			);
			buildRules = (
			);
			dependencies = (
			);
			name = strogonoff;
			productName = strogonoff;
			productReference = 15C616C71D61A4A5008E8778 /* strogonoff.app */;
			productType = "com.apple.product-type.application";
		};
		15C616DA1D61A4A5008E8778 /* strogonoffTests */ = {
			isa = PBXNativeTarget;
			buildConfigurationList = 15C616F21D61A4A5008E8778 /* Build configuration list for PBXNativeTarget "strogonoffTests" */;
			buildPhases = (
				15C616D71D61A4A5008E8778 /* Sources */,
				15C616D81D61A4A5008E8778 /* Frameworks */,
				15C616D91D61A4A5008E8778 /* Resources */,
			);
			buildRules = (
			);
			dependencies = (
				15C616DD1D61A4A5008E8778 /* PBXTargetDependency */,
			);
			name = strogonoffTests;
			productName = strogonoffTests;
			productReference = 15C616DB1D61A4A5008E8778 /* strogonoffTests.xctest */;
			productType = "com.apple.product-type.bundle.unit-test";
		};
		15C616E51D61A4A5008E8778 /* strogonoffUITests */ = {
			isa = PBXNativeTarget;
			buildConfigurationList = 15C616F51D61A4A5008E8778 /* Build configuration list for PBXNativeTarget "strogonoffUITests" */;
			buildPhases = (
				15C616E21D61A4A5008E8778 /* Sources */,
				15C616E31D61A4A5008E8778 /* Frameworks */,
				15C616E41D61A4A5008E8778 /* Resources */,
			);
			buildRules = (
			);
			dependencies = (
				15C616E81D61A4A5008E8778 /* PBXTargetDependency */,
			);
			name = strogonoffUITests;
			productName = strogonoffUITests;
			productReference = 15C616E61D61A4A5008E8778 /* strogonoffUITests.xctest */;
			productType = "com.apple.product-type.bundle.ui-testing";
		};
/* End PBXNativeTarget section */

/* Begin PBXProject section */
		15C616BF1D61A4A5008E8778 /* Project object */ = {
			isa = PBXProject;
			attributes = {
				LastSwiftUpdateCheck = 0730;
				LastUpgradeCheck = 0730;
				ORGANIZATIONNAME = "Bruno Ferrari";
				TargetAttributes = {
					15C616C61D61A4A5008E8778 = {
						CreatedOnToolsVersion = 7.3.1;
						LastSwiftMigration = 0800;
					};
					15C616DA1D61A4A5008E8778 = {
						CreatedOnToolsVersion = 7.3.1;
						LastSwiftMigration = 0800;
						TestTargetID = 15C616C61D61A4A5008E8778;
					};
					15C616E51D61A4A5008E8778 = {
						CreatedOnToolsVersion = 7.3.1;
						LastSwiftMigration = 0800;
						TestTargetID = 15C616C61D61A4A5008E8778;
					};
				};
			};
			buildConfigurationList = 15C616C21D61A4A5008E8778 /* Build configuration list for PBXProject "strogonoff" */;
			compatibilityVersion = "Xcode 3.2";
			developmentRegion = English;
			hasScannedForEncodings = 0;
			knownRegions = (
				en,
				Base,
			);
			mainGroup = 15C616BE1D61A4A5008E8778;
			productRefGroup = 15C616C81D61A4A5008E8778 /* Products */;
			projectDirPath = "";
			projectRoot = "";
			targets = (
				15C616C61D61A4A5008E8778 /* strogonoff */,
				15C616DA1D61A4A5008E8778 /* strogonoffTests */,
				15C616E51D61A4A5008E8778 /* strogonoffUITests */,
			);
		};
/* End PBXProject section */

/* Begin PBXResourcesBuildPhase section */
		15C616C51D61A4A5008E8778 /* Resources */ = {
			isa = PBXResourcesBuildPhase;
			buildActionMask = 2147483647;
			files = (
				15C616D51D61A4A5008E8778 /* LaunchScreen.storyboard in Resources */,
				15C616D21D61A4A5008E8778 /* Assets.xcassets in Resources */,
				1506C26A1D6595F900E8F87B /* NewItemViewController.xib in Resources */,
				15C616D01D61A4A5008E8778 /* Main.storyboard in Resources */,
			);
			runOnlyForDeploymentPostprocessing = 0;
		};
		15C616D91D61A4A5008E8778 /* Resources */ = {
			isa = PBXResourcesBuildPhase;
			buildActionMask = 2147483647;
			files = (
			);
			runOnlyForDeploymentPostprocessing = 0;
		};
		15C616E41D61A4A5008E8778 /* Resources */ = {
			isa = PBXResourcesBuildPhase;
			buildActionMask = 2147483647;
			files = (
			);
			runOnlyForDeploymentPostprocessing = 0;
		};
/* End PBXResourcesBuildPhase section */

/* Begin PBXSourcesBuildPhase section */
		15C616C31D61A4A5008E8778 /* Sources */ = {
			isa = PBXSourcesBuildPhase;
			buildActionMask = 2147483647;
			files = (
				15707E2E1D6399440060EA80 /* MealsTableViewController.swift in Sources */,
				156F7C131D62E39600E15C76 /* Item.swift in Sources */,
				157B57461D9A26ED005E88D1 /* Dao.swift in Sources */,
				1506C26C1D65963200E8F87B /* NewItemViewController.swift in Sources */,
				156F7C111D62E2C800E15C76 /* Meal.swift in Sources */,
				1500948F1D7E947400B10D0D /* Utils.swift in Sources */,
				156F7C151D62E4F600E15C76 /* ViewController.swift in Sources */,
				15C616CB1D61A4A5008E8778 /* AppDelegate.swift in Sources */,
				15DDEBB91D6EB17200B91C6C /* RemoveMealController.swift in Sources */,
				150094931D7E99E700B10D0D /* FileHandler.swift in Sources */,
				153ED6FD1D6D080300C4C0CB /* Alert.swift in Sources */,
			);
			runOnlyForDeploymentPostprocessing = 0;
		};
		15C616D71D61A4A5008E8778 /* Sources */ = {
			isa = PBXSourcesBuildPhase;
			buildActionMask = 2147483647;
			files = (
				15C616E01D61A4A5008E8778 /* strogonoffTests.swift in Sources */,
			);
			runOnlyForDeploymentPostprocessing = 0;
		};
		15C616E21D61A4A5008E8778 /* Sources */ = {
			isa = PBXSourcesBuildPhase;
			buildActionMask = 2147483647;
			files = (
				15C616EB1D61A4A5008E8778 /* strogonoffUITests.swift in Sources */,
			);
			runOnlyForDeploymentPostprocessing = 0;
		};
/* End PBXSourcesBuildPhase section */

/* Begin PBXTargetDependency section */
		15C616DD1D61A4A5008E8778 /* PBXTargetDependency */ = {
			isa = PBXTargetDependency;
			target = 15C616C61D61A4A5008E8778 /* strogonoff */;
			targetProxy = 15C616DC1D61A4A5008E8778 /* PBXContainerItemProxy */;
		};
		15C616E81D61A4A5008E8778 /* PBXTargetDependency */ = {
			isa = PBXTargetDependency;
			target = 15C616C61D61A4A5008E8778 /* strogonoff */;
			targetProxy = 15C616E71D61A4A5008E8778 /* PBXContainerItemProxy */;
		};
/* End PBXTargetDependency section */

/* Begin PBXVariantGroup section */
		15C616CE1D61A4A5008E8778 /* Main.storyboard */ = {
			isa = PBXVariantGroup;
			children = (
				15C616CF1D61A4A5008E8778 /* Base */,
			);
			name = Main.storyboard;
			path = ..;
			sourceTree = "<group>";
		};
		15C616D31D61A4A5008E8778 /* LaunchScreen.storyboard */ = {
			isa = PBXVariantGroup;
			children = (
				15C616D41D61A4A5008E8778 /* Base */,
			);
			name = LaunchScreen.storyboard;
			sourceTree = "<group>";
		};
/* End PBXVariantGroup section */

/* Begin XCBuildConfiguration section */
		15C616ED1D61A4A5008E8778 /* Debug */ = {
			isa = XCBuildConfiguration;
			buildSettings = {
				ALWAYS_SEARCH_USER_PATHS = NO;
				CLANG_ANALYZER_NONNULL = YES;
				CLANG_CXX_LANGUAGE_STANDARD = "gnu++0x";
				CLANG_CXX_LIBRARY = "libc++";
				CLANG_ENABLE_MODULES = YES;
				CLANG_ENABLE_OBJC_ARC = YES;
				CLANG_WARN_BOOL_CONVERSION = YES;
				CLANG_WARN_CONSTANT_CONVERSION = YES;
				CLANG_WARN_DIRECT_OBJC_ISA_USAGE = YES_ERROR;
				CLANG_WARN_EMPTY_BODY = YES;
				CLANG_WARN_ENUM_CONVERSION = YES;
				CLANG_WARN_INT_CONVERSION = YES;
				CLANG_WARN_OBJC_ROOT_CLASS = YES_ERROR;
				CLANG_WARN_UNREACHABLE_CODE = YES;
				CLANG_WARN__DUPLICATE_METHOD_MATCH = YES;
				"CODE_SIGN_IDENTITY[sdk=iphoneos*]" = "iPhone Developer";
				COPY_PHASE_STRIP = NO;
				DEBUG_INFORMATION_FORMAT = dwarf;
				ENABLE_STRICT_OBJC_MSGSEND = YES;
				ENABLE_TESTABILITY = YES;
				GCC_C_LANGUAGE_STANDARD = gnu99;
				GCC_DYNAMIC_NO_PIC = NO;
				GCC_NO_COMMON_BLOCKS = YES;
				GCC_OPTIMIZATION_LEVEL = 0;
				GCC_PREPROCESSOR_DEFINITIONS = (
					"DEBUG=1",
					"$(inherited)",
				);
				GCC_WARN_64_TO_32_BIT_CONVERSION = YES;
				GCC_WARN_ABOUT_RETURN_TYPE = YES_ERROR;
				GCC_WARN_UNDECLARED_SELECTOR = YES;
				GCC_WARN_UNINITIALIZED_AUTOS = YES_AGGRESSIVE;
				GCC_WARN_UNUSED_FUNCTION = YES;
				GCC_WARN_UNUSED_VARIABLE = YES;
				IPHONEOS_DEPLOYMENT_TARGET = 9.3;
				MTL_ENABLE_DEBUG_INFO = YES;
				ONLY_ACTIVE_ARCH = YES;
				SDKROOT = iphoneos;
				SWIFT_OPTIMIZATION_LEVEL = "-Onone";
			};
			name = Debug;
		};
		15C616EE1D61A4A5008E8778 /* Release */ = {
			isa = XCBuildConfiguration;
			buildSettings = {
				ALWAYS_SEARCH_USER_PATHS = NO;
				CLANG_ANALYZER_NONNULL = YES;
				CLANG_CXX_LANGUAGE_STANDARD = "gnu++0x";
				CLANG_CXX_LIBRARY = "libc++";
				CLANG_ENABLE_MODULES = YES;
				CLANG_ENABLE_OBJC_ARC = YES;
				CLANG_WARN_BOOL_CONVERSION = YES;
				CLANG_WARN_CONSTANT_CONVERSION = YES;
				CLANG_WARN_DIRECT_OBJC_ISA_USAGE = YES_ERROR;
				CLANG_WARN_EMPTY_BODY = YES;
				CLANG_WARN_ENUM_CONVERSION = YES;
				CLANG_WARN_INT_CONVERSION = YES;
				CLANG_WARN_OBJC_ROOT_CLASS = YES_ERROR;
				CLANG_WARN_UNREACHABLE_CODE = YES;
				CLANG_WARN__DUPLICATE_METHOD_MATCH = YES;
				"CODE_SIGN_IDENTITY[sdk=iphoneos*]" = "iPhone Developer";
				COPY_PHASE_STRIP = NO;
				DEBUG_INFORMATION_FORMAT = "dwarf-with-dsym";
				ENABLE_NS_ASSERTIONS = NO;
				ENABLE_STRICT_OBJC_MSGSEND = YES;
				GCC_C_LANGUAGE_STANDARD = gnu99;
				GCC_NO_COMMON_BLOCKS = YES;
				GCC_WARN_64_TO_32_BIT_CONVERSION = YES;
				GCC_WARN_ABOUT_RETURN_TYPE = YES_ERROR;
				GCC_WARN_UNDECLARED_SELECTOR = YES;
				GCC_WARN_UNINITIALIZED_AUTOS = YES_AGGRESSIVE;
				GCC_WARN_UNUSED_FUNCTION = YES;
				GCC_WARN_UNUSED_VARIABLE = YES;
				IPHONEOS_DEPLOYMENT_TARGET = 9.3;
				MTL_ENABLE_DEBUG_INFO = NO;
				SDKROOT = iphoneos;
				VALIDATE_PRODUCT = YES;
			};
			name = Release;
		};
		15C616F01D61A4A5008E8778 /* Debug */ = {
			isa = XCBuildConfiguration;
			buildSettings = {
				ASSETCATALOG_COMPILER_APPICON_NAME = AppIcon;
				INFOPLIST_FILE = strogonoff/Info.plist;
				LD_RUNPATH_SEARCH_PATHS = "$(inherited) @executable_path/Frameworks";
				PRODUCT_BUNDLE_IDENTIFIER = com.bferrari.strogonoff;
				PRODUCT_NAME = "$(TARGET_NAME)";
				SWIFT_VERSION = 2.3;
			};
			name = Debug;
		};
		15C616F11D61A4A5008E8778 /* Release */ = {
			isa = XCBuildConfiguration;
			buildSettings = {
				ASSETCATALOG_COMPILER_APPICON_NAME = AppIcon;
				INFOPLIST_FILE = strogonoff/Info.plist;
				LD_RUNPATH_SEARCH_PATHS = "$(inherited) @executable_path/Frameworks";
				PRODUCT_BUNDLE_IDENTIFIER = com.bferrari.strogonoff;
				PRODUCT_NAME = "$(TARGET_NAME)";
				SWIFT_VERSION = 2.3;
			};
			name = Release;
		};
		15C616F31D61A4A5008E8778 /* Debug */ = {
			isa = XCBuildConfiguration;
			buildSettings = {
				BUNDLE_LOADER = "$(TEST_HOST)";
				INFOPLIST_FILE = strogonoffTests/Info.plist;
				LD_RUNPATH_SEARCH_PATHS = "$(inherited) @executable_path/Frameworks @loader_path/Frameworks";
				PRODUCT_BUNDLE_IDENTIFIER = com.bferrari.strogonoffTests;
				PRODUCT_NAME = "$(TARGET_NAME)";
				SWIFT_VERSION = 2.3;
				TEST_HOST = "$(BUILT_PRODUCTS_DIR)/strogonoff.app/strogonoff";
			};
			name = Debug;
		};
		15C616F41D61A4A5008E8778 /* Release */ = {
			isa = XCBuildConfiguration;
			buildSettings = {
				BUNDLE_LOADER = "$(TEST_HOST)";
				INFOPLIST_FILE = strogonoffTests/Info.plist;
				LD_RUNPATH_SEARCH_PATHS = "$(inherited) @executable_path/Frameworks @loader_path/Frameworks";
				PRODUCT_BUNDLE_IDENTIFIER = com.bferrari.strogonoffTests;
				PRODUCT_NAME = "$(TARGET_NAME)";
				SWIFT_VERSION = 2.3;
				TEST_HOST = "$(BUILT_PRODUCTS_DIR)/strogonoff.app/strogonoff";
			};
			name = Release;
		};
		15C616F61D61A4A5008E8778 /* Debug */ = {
			isa = XCBuildConfiguration;
			buildSettings = {
				INFOPLIST_FILE = strogonoffUITests/Info.plist;
				LD_RUNPATH_SEARCH_PATHS = "$(inherited) @executable_path/Frameworks @loader_path/Frameworks";
				PRODUCT_BUNDLE_IDENTIFIER = com.bferrari.strogonoffUITests;
				PRODUCT_NAME = "$(TARGET_NAME)";
				SWIFT_VERSION = 2.3;
				TEST_TARGET_NAME = strogonoff;
			};
			name = Debug;
		};
		15C616F71D61A4A5008E8778 /* Release */ = {
			isa = XCBuildConfiguration;
			buildSettings = {
				INFOPLIST_FILE = strogonoffUITests/Info.plist;
				LD_RUNPATH_SEARCH_PATHS = "$(inherited) @executable_path/Frameworks @loader_path/Frameworks";
				PRODUCT_BUNDLE_IDENTIFIER = com.bferrari.strogonoffUITests;
				PRODUCT_NAME = "$(TARGET_NAME)";
				SWIFT_VERSION = 2.3;
				TEST_TARGET_NAME = strogonoff;
			};
			name = Release;
		};
/* End XCBuildConfiguration section */

/* Begin XCConfigurationList section */
		15C616C21D61A4A5008E8778 /* Build configuration list for PBXProject "strogonoff" */ = {
			isa = XCConfigurationList;
			buildConfigurations = (
				15C616ED1D61A4A5008E8778 /* Debug */,
				15C616EE1D61A4A5008E8778 /* Release */,
			);
			defaultConfigurationIsVisible = 0;
			defaultConfigurationName = Release;
		};
		15C616EF1D61A4A5008E8778 /* Build configuration list for PBXNativeTarget "strogonoff" */ = {
			isa = XCConfigurationList;
			buildConfigurations = (
				15C616F01D61A4A5008E8778 /* Debug */,
				15C616F11D61A4A5008E8778 /* Release */,
			);
			defaultConfigurationIsVisible = 0;
			defaultConfigurationName = Release;
		};
		15C616F21D61A4A5008E8778 /* Build configuration list for PBXNativeTarget "strogonoffTests" */ = {
			isa = XCConfigurationList;
			buildConfigurations = (
				15C616F31D61A4A5008E8778 /* Debug */,
				15C616F41D61A4A5008E8778 /* Release */,
			);
			defaultConfigurationIsVisible = 0;
			defaultConfigurationName = Release;
		};
		15C616F51D61A4A5008E8778 /* Build configuration list for PBXNativeTarget "strogonoffUITests" */ = {
			isa = XCConfigurationList;
			buildConfigurations = (
				15C616F61D61A4A5008E8778 /* Debug */,
				15C616F71D61A4A5008E8778 /* Release */,
			);
			defaultConfigurationIsVisible = 0;
			defaultConfigurationName = Release;
		};
/* End XCConfigurationList section */
	};
	rootObject = 15C616BF1D61A4A5008E8778 /* Project object */;
}
